
Microsoft Visual Studio Solution File, Format Version 12.00
# Visual Studio Version 17
VisualStudioVersion = 17.0.32014.148
MinimumVisualStudioVersion = 10.0.40219.1
Project("{FAE04EC0-301F-11D3-BF4B-00C04F79EFBC}") = "GetCredit", "GetCredit\GetCredit.csproj", "{3D1960A6-BC03-45B4-9502-417F57C0A55A}"
EndProject
Global
	GlobalSection(SolutionConfigurationPlatforms) = preSolution
		Debug|Any CPU = Debug|Any CPU
		Release|Any CPU = Release|Any CPU
	EndGlobalSection
	GlobalSection(ProjectConfigurationPlatforms) = postSolution
		{3D1960A6-BC03-45B4-9502-417F57C0A55A}.Debug|Any CPU.ActiveCfg = Debug|Any CPU
		{3D1960A6-BC03-45B4-9502-417F57C0A55A}.Debug|Any CPU.Build.0 = Debug|Any CPU
		{3D1960A6-BC03-45B4-9502-417F57C0A55A}.Release|Any CPU.ActiveCfg = Release|Any CPU
		{3D1960A6-BC03-45B4-9502-417F57C0A55A}.Release|Any CPU.Build.0 = Release|Any CPU
	EndGlobalSection
	GlobalSection(SolutionProperties) = preSolution
		HideSolutionNode = FALSE
	EndGlobalSection
	GlobalSection(ExtensibilityGlobals) = postSolution
		SolutionGuid = {A7292BB4-1DF8-409C-BD7D-F234139D0667}
	EndGlobalSection
EndGlobal
